
Microsoft Visual Studio Solution File, Format Version 12.00
# Visual Studio Version 17
VisualStudioVersion = 17.4.33213.308
MinimumVisualStudioVersion = 10.0.40219.1
Project("{FAE04EC0-301F-11D3-BF4B-00C04F79EFBC}") = "BlogApi", "BlogApi\BlogApi.csproj", "{94D94191-0F7B-4211-820E-646ADCC834AF}"
EndProject
Global
	GlobalSection(SolutionConfigurationPlatforms) = preSolution
		Debug|Any CPU = Debug|Any CPU
		Release|Any CPU = Release|Any CPU
	EndGlobalSection
	GlobalSection(ProjectConfigurationPlatforms) = postSolution
		{94D94191-0F7B-4211-820E-646ADCC834AF}.Debug|Any CPU.ActiveCfg = Debug|Any CPU
		{94D94191-0F7B-4211-820E-646ADCC834AF}.Debug|Any CPU.Build.0 = Debug|Any CPU
		{94D94191-0F7B-4211-820E-646ADCC834AF}.Release|Any CPU.ActiveCfg = Release|Any CPU
		{94D94191-0F7B-4211-820E-646ADCC834AF}.Release|Any CPU.Build.0 = Release|Any CPU
	EndGlobalSection
	GlobalSection(SolutionProperties) = preSolution
		HideSolutionNode = FALSE
	EndGlobalSection
	GlobalSection(ExtensibilityGlobals) = postSolution
		SolutionGuid = {249F880D-F4A7-49FC-A3E0-A1674FBE2A34}
	EndGlobalSection
EndGlobal
